
Microsoft Visual Studio Solution File, Format Version 12.00
# Visual Studio Version 17
VisualStudioVersion = 17.9.34622.214
MinimumVisualStudioVersion = 10.0.40219.1
Project("{8BC9CEB8-8B4A-11D0-8D11-00A0C91BC942}") = "Program", "Program.vcxproj", "{B1C19627-4BCC-4E3C-A690-8C1ABB3E74F4}"
EndProject
Project("{8BC9CEB8-8B4A-11D0-8D11-00A0C91BC942}") = "Class 1th (Stream)", "..\Class 1th (Stream)\Class 1th (Stream).vcxproj", "{DB451435-F457-47A8-A9C8-CE599562C0E5}"
EndProject
Project("{8BC9CEB8-8B4A-11D0-8D11-00A0C91BC942}") = "Class 2th (Class)", "..\Class 2th (Class)\Class 2th (Class).vcxproj", "{9B287DCA-2FF3-49D4-A1B1-49663C5970C9}"
EndProject
Project("{8BC9CEB8-8B4A-11D0-8D11-00A0C91BC942}") = "Class 3th (Constructor & Destructor)", "..\Class 3th (Constructor & Destructor)\Class 3th (Constructor & Destructor).vcxproj", "{558D51C5-57CC-44F2-83C9-2E831D758CF5}"
EndProject
Project("{8BC9CEB8-8B4A-11D0-8D11-00A0C91BC942}") = "Class 4th (Shallow Copy & Deep Copy)", "..\Class 4th (Shallow Copy & Deep Copy)\Class 4th (Shallow Copy & Deep Copy).vcxproj", "{1AA92336-D3ED-4A19-BBB6-24CCBAA7373D}"
EndProject
Project("{8BC9CEB8-8B4A-11D0-8D11-00A0C91BC942}") = "Class 5th (Inhentance)", "..\Class 5th (Inhentance)\Class 5th (Inhentance).vcxproj", "{6DD52DC6-AB46-4151-B30E-E2E85D10CBCD}"
EndProject
Project("{8BC9CEB8-8B4A-11D0-8D11-00A0C91BC942}") = "Class 6th (Polymorphism)", "..\Class 6th (Polymorphsim)\Class 6th (Polymorphsim).vcxproj", "{DB41E37C-5B34-4F2F-96F6-A7A27AD39D13}"
EndProject
Project("{8BC9CEB8-8B4A-11D0-8D11-00A0C91BC942}") = "Class 7th (Virtual Function)", "..\Class 7th (Vl)\Class 7th (Vl).vcxproj", "{72856CF8-56C2-4419-8665-3258CC590AB2}"
EndProject
Project("{8BC9CEB8-8B4A-11D0-8D11-00A0C91BC942}") = "Class 8th (Abstract)", "..\Class 8th (Abstract)\Class 8th (Abstract).vcxproj", "{69872356-31A3-450B-AC09-59D61DC92C03}"
EndProject
Project("{8BC9CEB8-8B4A-11D0-8D11-00A0C91BC942}") = "Class 9th (Operator Overloading)", "..\Class 9th (Operator Overloading)\Class 9th (Operator Overloading).vcxproj", "{63C537AE-D9E9-4051-A3B0-CD8F4BB931B3}"
EndProject
Project("{8BC9CEB8-8B4A-11D0-8D11-00A0C91BC942}") = "Class 10th (Template)", "..\Class 10th (Template\Class 10th (Template.vcxproj", "{486CC63F-674D-40F8-B916-4114EB157C40}"
EndProject
Project("{8BC9CEB8-8B4A-11D0-8D11-00A0C91BC942}") = "Class 11th (Smart Pointer)", "..\Class 11th (Smart Pointer)\Class 11th (Smart Pointer).vcxproj", "{E4A93D97-DB81-4991-9DDB-23EA69B057E8}"
EndProject
Project("{8BC9CEB8-8B4A-11D0-8D11-00A0C91BC942}") = "Class 12th (Thread)", "..\Class 12th (Thread)\Class 12th (Thread).vcxproj", "{0696ACA4-B109-45D0-BAB9-82B397362CA6}"
EndProject
Project("{8BC9CEB8-8B4A-11D0-8D11-00A0C91BC942}") = "Class 13th (Linear Container)", "..\Class 13th (Linear Container)\Class 13th (Linear Container).vcxproj", "{65C872C7-024F-47CD-A44D-288D0302F2B3}"
EndProject
Project("{8BC9CEB8-8B4A-11D0-8D11-00A0C91BC942}") = "Class 14th (Container Adapter)", "..\Class 14th (Container Adapter)\Class 14th (Container Adapter).vcxproj", "{AE944EEE-2438-442B-B9D7-F89537D4C4AA}"
EndProject
Project("{8BC9CEB8-8B4A-11D0-8D11-00A0C91BC942}") = "Class 15th (Assoclated Contianer)", "..\Class 15th (Assoclated Contianer)\Class 15th (Assoclated Contianer).vcxproj", "{9628FACA-B124-4EAD-A083-1C376A56452E}"
EndProject
Global
	GlobalSection(SolutionConfigurationPlatforms) = preSolution
		Debug|x64 = Debug|x64
		Debug|x86 = Debug|x86
		Release|x64 = Release|x64
		Release|x86 = Release|x86
	EndGlobalSection
	GlobalSection(ProjectConfigurationPlatforms) = postSolution
		{B1C19627-4BCC-4E3C-A690-8C1ABB3E74F4}.Debug|x64.ActiveCfg = Debug|x64
		{B1C19627-4BCC-4E3C-A690-8C1ABB3E74F4}.Debug|x64.Build.0 = Debug|x64
		{B1C19627-4BCC-4E3C-A690-8C1ABB3E74F4}.Debug|x86.ActiveCfg = Debug|Win32
		{B1C19627-4BCC-4E3C-A690-8C1ABB3E74F4}.Debug|x86.Build.0 = Debug|Win32
		{B1C19627-4BCC-4E3C-A690-8C1ABB3E74F4}.Release|x64.ActiveCfg = Release|x64
		{B1C19627-4BCC-4E3C-A690-8C1ABB3E74F4}.Release|x64.Build.0 = Release|x64
		{B1C19627-4BCC-4E3C-A690-8C1ABB3E74F4}.Release|x86.ActiveCfg = Release|Win32
		{B1C19627-4BCC-4E3C-A690-8C1ABB3E74F4}.Release|x86.Build.0 = Release|Win32
		{DB451435-F457-47A8-A9C8-CE599562C0E5}.Debug|x64.ActiveCfg = Debug|x64
		{DB451435-F457-47A8-A9C8-CE599562C0E5}.Debug|x64.Build.0 = Debug|x64
		{DB451435-F457-47A8-A9C8-CE599562C0E5}.Debug|x86.ActiveCfg = Debug|Win32
		{DB451435-F457-47A8-A9C8-CE599562C0E5}.Debug|x86.Build.0 = Debug|Win32
		{DB451435-F457-47A8-A9C8-CE599562C0E5}.Release|x64.ActiveCfg = Release|x64
		{DB451435-F457-47A8-A9C8-CE599562C0E5}.Release|x64.Build.0 = Release|x64
		{DB451435-F457-47A8-A9C8-CE599562C0E5}.Release|x86.ActiveCfg = Release|Win32
		{DB451435-F457-47A8-A9C8-CE599562C0E5}.Release|x86.Build.0 = Release|Win32
		{9B287DCA-2FF3-49D4-A1B1-49663C5970C9}.Debug|x64.ActiveCfg = Debug|x64
		{9B287DCA-2FF3-49D4-A1B1-49663C5970C9}.Debug|x64.Build.0 = Debug|x64
		{9B287DCA-2FF3-49D4-A1B1-49663C5970C9}.Debug|x86.ActiveCfg = Debug|Win32
		{9B287DCA-2FF3-49D4-A1B1-49663C5970C9}.Debug|x86.Build.0 = Debug|Win32
		{9B287DCA-2FF3-49D4-A1B1-49663C5970C9}.Release|x64.ActiveCfg = Release|x64
		{9B287DCA-2FF3-49D4-A1B1-49663C5970C9}.Release|x64.Build.0 = Release|x64
		{9B287DCA-2FF3-49D4-A1B1-49663C5970C9}.Release|x86.ActiveCfg = Release|Win32
		{9B287DCA-2FF3-49D4-A1B1-49663C5970C9}.Release|x86.Build.0 = Release|Win32
		{558D51C5-57CC-44F2-83C9-2E831D758CF5}.Debug|x64.ActiveCfg = Debug|x64
		{558D51C5-57CC-44F2-83C9-2E831D758CF5}.Debug|x64.Build.0 = Debug|x64
		{558D51C5-57CC-44F2-83C9-2E831D758CF5}.Debug|x86.ActiveCfg = Debug|Win32
		{558D51C5-57CC-44F2-83C9-2E831D758CF5}.Debug|x86.Build.0 = Debug|Win32
		{558D51C5-57CC-44F2-83C9-2E831D758CF5}.Release|x64.ActiveCfg = Release|x64
		{558D51C5-57CC-44F2-83C9-2E831D758CF5}.Release|x64.Build.0 = Release|x64
		{558D51C5-57CC-44F2-83C9-2E831D758CF5}.Release|x86.ActiveCfg = Release|Win32
		{558D51C5-57CC-44F2-83C9-2E831D758CF5}.Release|x86.Build.0 = Release|Win32
		{1AA92336-D3ED-4A19-BBB6-24CCBAA7373D}.Debug|x64.ActiveCfg = Debug|x64
		{1AA92336-D3ED-4A19-BBB6-24CCBAA7373D}.Debug|x64.Build.0 = Debug|x64
		{1AA92336-D3ED-4A19-BBB6-24CCBAA7373D}.Debug|x86.ActiveCfg = Debug|Win32
		{1AA92336-D3ED-4A19-BBB6-24CCBAA7373D}.Debug|x86.Build.0 = Debug|Win32
		{1AA92336-D3ED-4A19-BBB6-24CCBAA7373D}.Release|x64.ActiveCfg = Release|x64
		{1AA92336-D3ED-4A19-BBB6-24CCBAA7373D}.Release|x64.Build.0 = Release|x64
		{1AA92336-D3ED-4A19-BBB6-24CCBAA7373D}.Release|x86.ActiveCfg = Release|Win32
		{1AA92336-D3ED-4A19-BBB6-24CCBAA7373D}.Release|x86.Build.0 = Release|Win32
		{6DD52DC6-AB46-4151-B30E-E2E85D10CBCD}.Debug|x64.ActiveCfg = Debug|x64
		{6DD52DC6-AB46-4151-B30E-E2E85D10CBCD}.Debug|x64.Build.0 = Debug|x64
		{6DD52DC6-AB46-4151-B30E-E2E85D10CBCD}.Debug|x86.ActiveCfg = Debug|Win32
		{6DD52DC6-AB46-4151-B30E-E2E85D10CBCD}.Debug|x86.Build.0 = Debug|Win32
		{6DD52DC6-AB46-4151-B30E-E2E85D10CBCD}.Release|x64.ActiveCfg = Release|x64
		{6DD52DC6-AB46-4151-B30E-E2E85D10CBCD}.Release|x64.Build.0 = Release|x64
		{6DD52DC6-AB46-4151-B30E-E2E85D10CBCD}.Release|x86.ActiveCfg = Release|Win32
		{6DD52DC6-AB46-4151-B30E-E2E85D10CBCD}.Release|x86.Build.0 = Release|Win32
		{DB41E37C-5B34-4F2F-96F6-A7A27AD39D13}.Debug|x64.ActiveCfg = Debug|x64
		{DB41E37C-5B34-4F2F-96F6-A7A27AD39D13}.Debug|x64.Build.0 = Debug|x64
		{DB41E37C-5B34-4F2F-96F6-A7A27AD39D13}.Debug|x86.ActiveCfg = Debug|Win32
		{DB41E37C-5B34-4F2F-96F6-A7A27AD39D13}.Debug|x86.Build.0 = Debug|Win32
		{DB41E37C-5B34-4F2F-96F6-A7A27AD39D13}.Release|x64.ActiveCfg = Release|x64
		{DB41E37C-5B34-4F2F-96F6-A7A27AD39D13}.Release|x64.Build.0 = Release|x64
		{DB41E37C-5B34-4F2F-96F6-A7A27AD39D13}.Release|x86.ActiveCfg = Release|Win32
		{DB41E37C-5B34-4F2F-96F6-A7A27AD39D13}.Release|x86.Build.0 = Release|Win32
		{72856CF8-56C2-4419-8665-3258CC590AB2}.Debug|x64.ActiveCfg = Debug|x64
		{72856CF8-56C2-4419-8665-3258CC590AB2}.Debug|x64.Build.0 = Debug|x64
		{72856CF8-56C2-4419-8665-3258CC590AB2}.Debug|x86.ActiveCfg = Debug|Win32
		{72856CF8-56C2-4419-8665-3258CC590AB2}.Debug|x86.Build.0 = Debug|Win32
		{72856CF8-56C2-4419-8665-3258CC590AB2}.Release|x64.ActiveCfg = Release|x64
		{72856CF8-56C2-4419-8665-3258CC590AB2}.Release|x64.Build.0 = Release|x64
		{72856CF8-56C2-4419-8665-3258CC590AB2}.Release|x86.ActiveCfg = Release|Win32
		{72856CF8-56C2-4419-8665-3258CC590AB2}.Release|x86.Build.0 = Release|Win32
		{69872356-31A3-450B-AC09-59D61DC92C03}.Debug|x64.ActiveCfg = Debug|x64
		{69872356-31A3-450B-AC09-59D61DC92C03}.Debug|x64.Build.0 = Debug|x64
		{69872356-31A3-450B-AC09-59D61DC92C03}.Debug|x86.ActiveCfg = Debug|Win32
		{69872356-31A3-450B-AC09-59D61DC92C03}.Debug|x86.Build.0 = Debug|Win32
		{69872356-31A3-450B-AC09-59D61DC92C03}.Release|x64.ActiveCfg = Release|x64
		{69872356-31A3-450B-AC09-59D61DC92C03}.Release|x64.Build.0 = Release|x64
		{69872356-31A3-450B-AC09-59D61DC92C03}.Release|x86.ActiveCfg = Release|Win32
		{69872356-31A3-450B-AC09-59D61DC92C03}.Release|x86.Build.0 = Release|Win32
		{63C537AE-D9E9-4051-A3B0-CD8F4BB931B3}.Debug|x64.ActiveCfg = Debug|x64
		{63C537AE-D9E9-4051-A3B0-CD8F4BB931B3}.Debug|x64.Build.0 = Debug|x64
		{63C537AE-D9E9-4051-A3B0-CD8F4BB931B3}.Debug|x86.ActiveCfg = Debug|Win32
		{63C537AE-D9E9-4051-A3B0-CD8F4BB931B3}.Debug|x86.Build.0 = Debug|Win32
		{63C537AE-D9E9-4051-A3B0-CD8F4BB931B3}.Release|x64.ActiveCfg = Release|x64
		{63C537AE-D9E9-4051-A3B0-CD8F4BB931B3}.Release|x64.Build.0 = Release|x64
		{63C537AE-D9E9-4051-A3B0-CD8F4BB931B3}.Release|x86.ActiveCfg = Release|Win32
		{63C537AE-D9E9-4051-A3B0-CD8F4BB931B3}.Release|x86.Build.0 = Release|Win32
		{486CC63F-674D-40F8-B916-4114EB157C40}.Debug|x64.ActiveCfg = Debug|x64
		{486CC63F-674D-40F8-B916-4114EB157C40}.Debug|x64.Build.0 = Debug|x64
		{486CC63F-674D-40F8-B916-4114EB157C40}.Debug|x86.ActiveCfg = Debug|Win32
		{486CC63F-674D-40F8-B916-4114EB157C40}.Debug|x86.Build.0 = Debug|Win32
		{486CC63F-674D-40F8-B916-4114EB157C40}.Release|x64.ActiveCfg = Release|x64
		{486CC63F-674D-40F8-B916-4114EB157C40}.Release|x64.Build.0 = Release|x64
		{486CC63F-674D-40F8-B916-4114EB157C40}.Release|x86.ActiveCfg = Release|Win32
		{486CC63F-674D-40F8-B916-4114EB157C40}.Release|x86.Build.0 = Release|Win32
		{E4A93D97-DB81-4991-9DDB-23EA69B057E8}.Debug|x64.ActiveCfg = Debug|x64
		{E4A93D97-DB81-4991-9DDB-23EA69B057E8}.Debug|x64.Build.0 = Debug|x64
		{E4A93D97-DB81-4991-9DDB-23EA69B057E8}.Debug|x86.ActiveCfg = Debug|Win32
		{E4A93D97-DB81-4991-9DDB-23EA69B057E8}.Debug|x86.Build.0 = Debug|Win32
		{E4A93D97-DB81-4991-9DDB-23EA69B057E8}.Release|x64.ActiveCfg = Release|x64
		{E4A93D97-DB81-4991-9DDB-23EA69B057E8}.Release|x64.Build.0 = Release|x64
		{E4A93D97-DB81-4991-9DDB-23EA69B057E8}.Release|x86.ActiveCfg = Release|Win32
		{E4A93D97-DB81-4991-9DDB-23EA69B057E8}.Release|x86.Build.0 = Release|Win32
		{0696ACA4-B109-45D0-BAB9-82B397362CA6}.Debug|x64.ActiveCfg = Debug|x64
		{0696ACA4-B109-45D0-BAB9-82B397362CA6}.Debug|x64.Build.0 = Debug|x64
		{0696ACA4-B109-45D0-BAB9-82B397362CA6}.Debug|x86.ActiveCfg = Debug|Win32
		{0696ACA4-B109-45D0-BAB9-82B397362CA6}.Debug|x86.Build.0 = Debug|Win32
		{0696ACA4-B109-45D0-BAB9-82B397362CA6}.Release|x64.ActiveCfg = Release|x64
		{0696ACA4-B109-45D0-BAB9-82B397362CA6}.Release|x64.Build.0 = Release|x64
		{0696ACA4-B109-45D0-BAB9-82B397362CA6}.Release|x86.ActiveCfg = Release|Win32
		{0696ACA4-B109-45D0-BAB9-82B397362CA6}.Release|x86.Build.0 = Release|Win32
		{65C872C7-024F-47CD-A44D-288D0302F2B3}.Debug|x64.ActiveCfg = Debug|x64
		{65C872C7-024F-47CD-A44D-288D0302F2B3}.Debug|x64.Build.0 = Debug|x64
		{65C872C7-024F-47CD-A44D-288D0302F2B3}.Debug|x86.ActiveCfg = Debug|Win32
		{65C872C7-024F-47CD-A44D-288D0302F2B3}.Debug|x86.Build.0 = Debug|Win32
		{65C872C7-024F-47CD-A44D-288D0302F2B3}.Release|x64.ActiveCfg = Release|x64
		{65C872C7-024F-47CD-A44D-288D0302F2B3}.Release|x64.Build.0 = Release|x64
		{65C872C7-024F-47CD-A44D-288D0302F2B3}.Release|x86.ActiveCfg = Release|Win32
		{65C872C7-024F-47CD-A44D-288D0302F2B3}.Release|x86.Build.0 = Release|Win32
		{AE944EEE-2438-442B-B9D7-F89537D4C4AA}.Debug|x64.ActiveCfg = Debug|x64
		{AE944EEE-2438-442B-B9D7-F89537D4C4AA}.Debug|x64.Build.0 = Debug|x64
		{AE944EEE-2438-442B-B9D7-F89537D4C4AA}.Debug|x86.ActiveCfg = Debug|Win32
		{AE944EEE-2438-442B-B9D7-F89537D4C4AA}.Debug|x86.Build.0 = Debug|Win32
		{AE944EEE-2438-442B-B9D7-F89537D4C4AA}.Release|x64.ActiveCfg = Release|x64
		{AE944EEE-2438-442B-B9D7-F89537D4C4AA}.Release|x64.Build.0 = Release|x64
		{AE944EEE-2438-442B-B9D7-F89537D4C4AA}.Release|x86.ActiveCfg = Release|Win32
		{AE944EEE-2438-442B-B9D7-F89537D4C4AA}.Release|x86.Build.0 = Release|Win32
		{9628FACA-B124-4EAD-A083-1C376A56452E}.Debug|x64.ActiveCfg = Debug|x64
		{9628FACA-B124-4EAD-A083-1C376A56452E}.Debug|x64.Build.0 = Debug|x64
		{9628FACA-B124-4EAD-A083-1C376A56452E}.Debug|x86.ActiveCfg = Debug|Win32
		{9628FACA-B124-4EAD-A083-1C376A56452E}.Debug|x86.Build.0 = Debug|Win32
		{9628FACA-B124-4EAD-A083-1C376A56452E}.Release|x64.ActiveCfg = Release|x64
		{9628FACA-B124-4EAD-A083-1C376A56452E}.Release|x64.Build.0 = Release|x64
		{9628FACA-B124-4EAD-A083-1C376A56452E}.Release|x86.ActiveCfg = Release|Win32
		{9628FACA-B124-4EAD-A083-1C376A56452E}.Release|x86.Build.0 = Release|Win32
	EndGlobalSection
	GlobalSection(SolutionProperties) = preSolution
		HideSolutionNode = FALSE
	EndGlobalSection
	GlobalSection(ExtensibilityGlobals) = postSolution
		SolutionGuid = {91758848-D340-4AAF-8E3E-C3BF3FFB9C55}
	EndGlobalSection
EndGlobal
